// !$*UTF8*$!
{
	archiveVersion = 1;
	classes = {
	};
	objectVersion = 46;
	objects = {

/* Begin PBXBuildFile section */
		780562E81EC15F19007F1DAE /* AppDelegate.swift in Sources */ = {isa = PBXBuildFile; fileRef = 780562E71EC15F19007F1DAE /* AppDelegate.swift */; };
		780562EA1EC15F19007F1DAE /* ViewController.swift in Sources */ = {isa = PBXBuildFile; fileRef = 780562E91EC15F19007F1DAE /* ViewController.swift */; };
		780562ED1EC15F19007F1DAE /* Main.storyboard in Resources */ = {isa = PBXBuildFile; fileRef = 780562EB1EC15F19007F1DAE /* Main.storyboard */; };
		780562EF1EC15F19007F1DAE /* Assets.xcassets in Resources */ = {isa = PBXBuildFile; fileRef = 780562EE1EC15F19007F1DAE /* Assets.xcassets */; };
		780562F21EC15F19007F1DAE /* LaunchScreen.storyboard in Resources */ = {isa = PBXBuildFile; fileRef = 780562F01EC15F19007F1DAE /* LaunchScreen.storyboard */; };
/* End PBXBuildFile section */

/* Begin PBXFileReference section */
		780562E41EC15F19007F1DAE /* TermProject.app */ = {isa = PBXFileReference; explicitFileType = wrapper.application; includeInIndex = 0; path = TermProject.app; sourceTree = BUILT_PRODUCTS_DIR; };
		780562E71EC15F19007F1DAE /* AppDelegate.swift */ = {isa = PBXFileReference; lastKnownFileType = sourcecode.swift; path = AppDelegate.swift; sourceTree = "<group>"; };
		780562E91EC15F19007F1DAE /* ViewController.swift */ = {isa = PBXFileReference; lastKnownFileType = sourcecode.swift; path = ViewController.swift; sourceTree = "<group>"; };
		780562EC1EC15F19007F1DAE /* Base */ = {isa = PBXFileReference; lastKnownFileType = file.storyboard; name = Base; path = Base.lproj/Main.storyboard; sourceTree = "<group>"; };
		780562EE1EC15F19007F1DAE /* Assets.xcassets */ = {isa = PBXFileReference; lastKnownFileType = folder.assetcatalog; path = Assets.xcassets; sourceTree = "<group>"; };
		780562F11EC15F19007F1DAE /* Base */ = {isa = PBXFileReference; lastKnownFileType = file.storyboard; name = Base; path = Base.lproj/LaunchScreen.storyboard; sourceTree = "<group>"; };
		780562F31EC15F19007F1DAE /* Info.plist */ = {isa = PBXFileReference; lastKnownFileType = text.plist.xml; path = Info.plist; sourceTree = "<group>"; };
/* End PBXFileReference section */

/* Begin PBXFrameworksBuildPhase section */
		780562E11EC15F19007F1DAE /* Frameworks */ = {
			isa = PBXFrameworksBuildPhase;
			buildActionMask = 2147483647;
			files = (
			);
			runOnlyForDeploymentPostprocessing = 0;
		};
/* End PBXFrameworksBuildPhase section */

/* Begin PBXGroup section */
		780562DB1EC15F19007F1DAE = {
			isa = PBXGroup;
			children = (
				780562E61EC15F19007F1DAE /* TermProject */,
				780562E51EC15F19007F1DAE /* Products */,
			);
			sourceTree = "<group>";
		};
		780562E51EC15F19007F1DAE /* Products */ = {
			isa = PBXGroup;
			children = (
				780562E41EC15F19007F1DAE /* TermProject.app */,
			);
			name = Products;
			sourceTree = "<group>";
		};
		780562E61EC15F19007F1DAE /* TermProject */ = {
			isa = PBXGroup;
			children = (
				780562E71EC15F19007F1DAE /* AppDelegate.swift */,
				780562E91EC15F19007F1DAE /* ViewController.swift */,
				780562EB1EC15F19007F1DAE /* Main.storyboard */,
				780562EE1EC15F19007F1DAE /* Assets.xcassets */,
				780562F01EC15F19007F1DAE /* LaunchScreen.storyboard */,
				780562F31EC15F19007F1DAE /* Info.plist */,
			);
			path = TermProject;
			sourceTree = "<group>";
		};
/* End PBXGroup section */

/* Begin PBXNativeTarget section */
		780562E31EC15F19007F1DAE /* TermProject */ = {
			isa = PBXNativeTarget;
			buildConfigurationList = 780562F61EC15F19007F1DAE /* Build configuration list for PBXNativeTarget "TermProject" */;
			buildPhases = (
				780562E01EC15F19007F1DAE /* Sources */,
				780562E11EC15F19007F1DAE /* Frameworks */,
				780562E21EC15F19007F1DAE /* Resources */,
			);
			buildRules = (
			);
			dependencies = (
			);
			name = TermProject;
			productName = TermProject;
			productReference = 780562E41EC15F19007F1DAE /* TermProject.app */;
			productType = "com.apple.product-type.application";
		};
/* End PBXNativeTarget section */

/* Begin PBXProject section */
		780562DC1EC15F19007F1DAE /* Project object */ = {
			isa = PBXProject;
			attributes = {
				LastSwiftUpdateCheck = 0830;
				LastUpgradeCheck = 0830;
				ORGANIZATIONNAME = "강동훈";
				TargetAttributes = {
					780562E31EC15F19007F1DAE = {
						CreatedOnToolsVersion = 8.3.2;
						DevelopmentTeam = 5K89RS36D9;
						ProvisioningStyle = Automatic;
					};
				};
			};
			buildConfigurationList = 780562DF1EC15F19007F1DAE /* Build configuration list for PBXProject "TermProject" */;
			compatibilityVersion = "Xcode 3.2";
			developmentRegion = English;
			hasScannedForEncodings = 0;
			knownRegions = (
				en,
				Base,
			);
			mainGroup = 780562DB1EC15F19007F1DAE;
			productRefGroup = 780562E51EC15F19007F1DAE /* Products */;
			projectDirPath = "";
			projectRoot = "";
			targets = (
				780562E31EC15F19007F1DAE /* TermProject */,
			);
		};
/* End PBXProject section */

/* Begin PBXResourcesBuildPhase section */
		780562E21EC15F19007F1DAE /* Resources */ = {
			isa = PBXResourcesBuildPhase;
			buildActionMask = 2147483647;
			files = (
				780562F21EC15F19007F1DAE /* LaunchScreen.storyboard in Resources */,
				780562EF1EC15F19007F1DAE /* Assets.xcassets in Resources */,
				780562ED1EC15F19007F1DAE /* Main.storyboard in Resources */,
			);
			runOnlyForDeploymentPostprocessing = 0;
		};
/* End PBXResourcesBuildPhase section */

/* Begin PBXSourcesBuildPhase section */
		780562E01EC15F19007F1DAE /* Sources */ = {
			isa = PBXSourcesBuildPhase;
			buildActionMask = 2147483647;
			files = (
				780562EA1EC15F19007F1DAE /* ViewController.swift in Sources */,
				780562E81EC15F19007F1DAE /* AppDelegate.swift in Sources */,
			);
			runOnlyForDeploymentPostprocessing = 0;
		};
/* End PBXSourcesBuildPhase section */

/* Begin PBXVariantGroup section */
		780562EB1EC15F19007F1DAE /* Main.storyboard */ = {
			isa = PBXVariantGroup;
			children = (
				780562EC1EC15F19007F1DAE /* Base */,
			);
			name = Main.storyboard;
			sourceTree = "<group>";
		};
		780562F01EC15F19007F1DAE /* LaunchScreen.storyboard */ = {
			isa = PBXVariantGroup;
			children = (
				780562F11EC15F19007F1DAE /* Base */,
			);
			name = LaunchScreen.storyboard;
			sourceTree = "<group>";
		};
/* End PBXVariantGroup section */

/* Begin XCBuildConfiguration section */
		780562F41EC15F19007F1DAE /* Debug */ = {
			isa = XCBuildConfiguration;
			buildSettings = {
				ALWAYS_SEARCH_USER_PATHS = NO;
				CLANG_ANALYZER_NONNULL = YES;
				CLANG_ANALYZER_NUMBER_OBJECT_CONVERSION = YES_AGGRESSIVE;
				CLANG_CXX_LANGUAGE_STANDARD = "gnu++0x";
				CLANG_CXX_LIBRARY = "libc++";
				CLANG_ENABLE_MODULES = YES;
				CLANG_ENABLE_OBJC_ARC = YES;
				CLANG_WARN_BOOL_CONVERSION = YES;
				CLANG_WARN_CONSTANT_CONVERSION = YES;
				CLANG_WARN_DIRECT_OBJC_ISA_USAGE = YES_ERROR;
				CLANG_WARN_DOCUMENTATION_COMMENTS = YES;
				CLANG_WARN_EMPTY_BODY = YES;
				CLANG_WARN_ENUM_CONVERSION = YES;
				CLANG_WARN_INFINITE_RECURSION = YES;
				CLANG_WARN_INT_CONVERSION = YES;
				CLANG_WARN_OBJC_ROOT_CLASS = YES_ERROR;
				CLANG_WARN_SUSPICIOUS_MOVE = YES;
				CLANG_WARN_UNREACHABLE_CODE = YES;
				CLANG_WARN__DUPLICATE_METHOD_MATCH = YES;
				"CODE_SIGN_IDENTITY[sdk=iphoneos*]" = "iPhone Developer";
				COPY_PHASE_STRIP = NO;
				DEBUG_INFORMATION_FORMAT = dwarf;
				ENABLE_STRICT_OBJC_MSGSEND = YES;
				ENABLE_TESTABILITY = YES;
				GCC_C_LANGUAGE_STANDARD = gnu99;
				GCC_DYNAMIC_NO_PIC = NO;
				GCC_NO_COMMON_BLOCKS = YES;
				GCC_OPTIMIZATION_LEVEL = 0;
				GCC_PREPROCESSOR_DEFINITIONS = (
					"DEBUG=1",
					"$(inherited)",
				);
				GCC_WARN_64_TO_32_BIT_CONVERSION = YES;
				GCC_WARN_ABOUT_RETURN_TYPE = YES_ERROR;
				GCC_WARN_UNDECLARED_SELECTOR = YES;
				GCC_WARN_UNINITIALIZED_AUTOS = YES_AGGRESSIVE;
				GCC_WARN_UNUSED_FUNCTION = YES;
				GCC_WARN_UNUSED_VARIABLE = YES;
				IPHONEOS_DEPLOYMENT_TARGET = 10.3;
				MTL_ENABLE_DEBUG_INFO = YES;
				ONLY_ACTIVE_ARCH = YES;
				SDKROOT = iphoneos;
				SWIFT_ACTIVE_COMPILATION_CONDITIONS = DEBUG;
				SWIFT_OPTIMIZATION_LEVEL = "-Onone";
				TARGETED_DEVICE_FAMILY = "1,2";
			};
			name = Debug;
		};
		780562F51EC15F19007F1DAE /* Release */ = {
			isa = XCBuildConfiguration;
			buildSettings = {
				ALWAYS_SEARCH_USER_PATHS = NO;
				CLANG_ANALYZER_NONNULL = YES;
				CLANG_ANALYZER_NUMBER_OBJECT_CONVERSION = YES_AGGRESSIVE;
				CLANG_CXX_LANGUAGE_STANDARD = "gnu++0x";
				CLANG_CXX_LIBRARY = "libc++";
				CLANG_ENABLE_MODULES = YES;
				CLANG_ENABLE_OBJC_ARC = YES;
				CLANG_WARN_BOOL_CONVERSION = YES;
				CLANG_WARN_CONSTANT_CONVERSION = YES;
				CLANG_WARN_DIRECT_OBJC_ISA_USAGE = YES_ERROR;
				CLANG_WARN_DOCUMENTATION_COMMENTS = YES;
				CLANG_WARN_EMPTY_BODY = YES;
				CLANG_WARN_ENUM_CONVERSION = YES;
				CLANG_WARN_INFINITE_RECURSION = YES;
				CLANG_WARN_INT_CONVERSION = YES;
				CLANG_WARN_OBJC_ROOT_CLASS = YES_ERROR;
				CLANG_WARN_SUSPICIOUS_MOVE = YES;
				CLANG_WARN_UNREACHABLE_CODE = YES;
				CLANG_WARN__DUPLICATE_METHOD_MATCH = YES;
				"CODE_SIGN_IDENTITY[sdk=iphoneos*]" = "iPhone Developer";
				COPY_PHASE_STRIP = NO;
				DEBUG_INFORMATION_FORMAT = "dwarf-with-dsym";
				ENABLE_NS_ASSERTIONS = NO;
				ENABLE_STRICT_OBJC_MSGSEND = YES;
				GCC_C_LANGUAGE_STANDARD = gnu99;
				GCC_NO_COMMON_BLOCKS = YES;
				GCC_WARN_64_TO_32_BIT_CONVERSION = YES;
				GCC_WARN_ABOUT_RETURN_TYPE = YES_ERROR;
				GCC_WARN_UNDECLARED_SELECTOR = YES;
				GCC_WARN_UNINITIALIZED_AUTOS = YES_AGGRESSIVE;
				GCC_WARN_UNUSED_FUNCTION = YES;
				GCC_WARN_UNUSED_VARIABLE = YES;
				IPHONEOS_DEPLOYMENT_TARGET = 10.3;
				MTL_ENABLE_DEBUG_INFO = NO;
				SDKROOT = iphoneos;
				SWIFT_OPTIMIZATION_LEVEL = "-Owholemodule";
				TARGETED_DEVICE_FAMILY = "1,2";
				VALIDATE_PRODUCT = YES;
			};
			name = Release;
		};
		780562F71EC15F19007F1DAE /* Debug */ = {
			isa = XCBuildConfiguration;
			buildSettings = {
				ASSETCATALOG_COMPILER_APPICON_NAME = AppIcon;
				DEVELOPMENT_TEAM = 5K89RS36D9;
				INFOPLIST_FILE = TermProject/Info.plist;
				LD_RUNPATH_SEARCH_PATHS = "$(inherited) @executable_path/Frameworks";
				PRODUCT_BUNDLE_IDENTIFIER = kpu.2017class.TermProject;
				PRODUCT_NAME = "$(TARGET_NAME)";
				SWIFT_VERSION = 3.0;
			};
			name = Debug;
		};
		780562F81EC15F19007F1DAE /* Release */ = {
			isa = XCBuildConfiguration;
			buildSettings = {
				ASSETCATALOG_COMPILER_APPICON_NAME = AppIcon;
				DEVELOPMENT_TEAM = 5K89RS36D9;
				INFOPLIST_FILE = TermProject/Info.plist;
				LD_RUNPATH_SEARCH_PATHS = "$(inherited) @executable_path/Frameworks";
				PRODUCT_BUNDLE_IDENTIFIER = kpu.2017class.TermProject;
				PRODUCT_NAME = "$(TARGET_NAME)";
				SWIFT_VERSION = 3.0;
			};
			name = Release;
		};
/* End XCBuildConfiguration section */

/* Begin XCConfigurationList section */
		780562DF1EC15F19007F1DAE /* Build configuration list for PBXProject "TermProject" */ = {
			isa = XCConfigurationList;
			buildConfigurations = (
				780562F41EC15F19007F1DAE /* Debug */,
				780562F51EC15F19007F1DAE /* Release */,
			);
			defaultConfigurationIsVisible = 0;
			defaultConfigurationName = Release;
		};
		780562F61EC15F19007F1DAE /* Build configuration list for PBXNativeTarget "TermProject" */ = {
			isa = XCConfigurationList;
			buildConfigurations = (
				780562F71EC15F19007F1DAE /* Debug */,
				780562F81EC15F19007F1DAE /* Release */,
			);
			defaultConfigurationIsVisible = 0;
		};
/* End XCConfigurationList section */
	};
	rootObject = 780562DC1EC15F19007F1DAE /* Project object */;
}
